
Microsoft Visual Studio Solution File, Format Version 12.00
# Visual Studio Version 16
VisualStudioVersion = 16.0.30320.27
MinimumVisualStudioVersion = 10.0.40219.1
Project("{FAE04EC0-301F-11D3-BF4B-00C04F79EFBC}") = "SPAapp.Server", "SPAapp\Server\SPAapp.Server.csproj", "{4D839461-A643-4A7E-A68D-C3378A612C79}"
EndProject
Project("{FAE04EC0-301F-11D3-BF4B-00C04F79EFBC}") = "SPAapp.Client", "SPAapp\Client\SPAapp.Client.csproj", "{846B4929-BB8F-4555-80C2-FF5B3400D474}"
EndProject
Project("{FAE04EC0-301F-11D3-BF4B-00C04F79EFBC}") = "SPAapp.Shared", "SPAapp\Shared\SPAapp.Shared.csproj", "{95B925EF-5C2B-498C-BFFC-156930C83F12}"
EndProject
Global
	GlobalSection(SolutionConfigurationPlatforms) = preSolution
		Debug|Any CPU = Debug|Any CPU
		Release|Any CPU = Release|Any CPU
	EndGlobalSection
	GlobalSection(ProjectConfigurationPlatforms) = postSolution
		{4D839461-A643-4A7E-A68D-C3378A612C79}.Debug|Any CPU.ActiveCfg = Debug|Any CPU
		{4D839461-A643-4A7E-A68D-C3378A612C79}.Debug|Any CPU.Build.0 = Debug|Any CPU
		{4D839461-A643-4A7E-A68D-C3378A612C79}.Release|Any CPU.ActiveCfg = Release|Any CPU
		{4D839461-A643-4A7E-A68D-C3378A612C79}.Release|Any CPU.Build.0 = Release|Any CPU
		{846B4929-BB8F-4555-80C2-FF5B3400D474}.Debug|Any CPU.ActiveCfg = Debug|Any CPU
		{846B4929-BB8F-4555-80C2-FF5B3400D474}.Debug|Any CPU.Build.0 = Debug|Any CPU
		{846B4929-BB8F-4555-80C2-FF5B3400D474}.Release|Any CPU.ActiveCfg = Release|Any CPU
		{846B4929-BB8F-4555-80C2-FF5B3400D474}.Release|Any CPU.Build.0 = Release|Any CPU
		{95B925EF-5C2B-498C-BFFC-156930C83F12}.Debug|Any CPU.ActiveCfg = Debug|Any CPU
		{95B925EF-5C2B-498C-BFFC-156930C83F12}.Debug|Any CPU.Build.0 = Debug|Any CPU
		{95B925EF-5C2B-498C-BFFC-156930C83F12}.Release|Any CPU.ActiveCfg = Release|Any CPU
		{95B925EF-5C2B-498C-BFFC-156930C83F12}.Release|Any CPU.Build.0 = Release|Any CPU
	EndGlobalSection
	GlobalSection(SolutionProperties) = preSolution
		HideSolutionNode = FALSE
	EndGlobalSection
	GlobalSection(ExtensibilityGlobals) = postSolution
		SolutionGuid = {B18FB537-817B-4371-A02C-941009B3B5F2}
	EndGlobalSection
EndGlobal
